
Microsoft Visual Studio Solution File, Format Version 12.00
# Visual Studio Version 17
VisualStudioVersion = 17.3.32929.385
MinimumVisualStudioVersion = 10.0.40219.1
Project("{FAE04EC0-301F-11D3-BF4B-00C04F79EFBC}") = "FileUplaodAz_Core", "FileUplaodAz_Core\FileUplaodAz_Core.csproj", "{F9124B5B-D215-4F3C-ABC2-38C135C38D39}"
EndProject
Global
	GlobalSection(SolutionConfigurationPlatforms) = preSolution
		Debug|Any CPU = Debug|Any CPU
		Release|Any CPU = Release|Any CPU
	EndGlobalSection
	GlobalSection(ProjectConfigurationPlatforms) = postSolution
		{F9124B5B-D215-4F3C-ABC2-38C135C38D39}.Debug|Any CPU.ActiveCfg = Debug|Any CPU
		{F9124B5B-D215-4F3C-ABC2-38C135C38D39}.Debug|Any CPU.Build.0 = Debug|Any CPU
		{F9124B5B-D215-4F3C-ABC2-38C135C38D39}.Release|Any CPU.ActiveCfg = Release|Any CPU
		{F9124B5B-D215-4F3C-ABC2-38C135C38D39}.Release|Any CPU.Build.0 = Release|Any CPU
	EndGlobalSection
	GlobalSection(SolutionProperties) = preSolution
		HideSolutionNode = FALSE
	EndGlobalSection
	GlobalSection(ExtensibilityGlobals) = postSolution
		SolutionGuid = {6113062D-2FBE-41D9-BE94-93F7533617C5}
	EndGlobalSection
EndGlobal
